{
  "version": 4,
  "terraform_version": "0.13.5",
  "serial": 377,
  "lineage": "8056c918-1ed0-b75d-fe0f-c27911cd05c2",
  "outputs": {
    "lb": {
      "value": [
        {
          "hostname": "abc1a41912f074bc1bc6bfebdcf68f0e-582105271.ap-south-1.elb.amazonaws.com",
          "ip": ""
        }
      ],
      "type": [
        "list",
        [
          "object",
          {
            "hostname": "string",
            "ip": "string"
          }
        ]
      ]
    }
  },
  "resources": [
    {
      "mode": "managed",
      "type": "null_resource",
      "name": "local-exec",
      "provider": "provider[\"registry.terraform.io/hashicorp/null\"]",
      "instances": [
        {
          "schema_version": 0,
          "attributes": {
            "id": "2292362757546229062",
            "triggers": null
          },
          "private": "bnVsbA==",
          "dependencies": [
            "module.eks_cluster.aws_eks_cluster.demo",
            "module.eks_cluster.aws_eks_node_group.example",
            "module.role.aws_iam_role.eks-cluster",
            "module.role.aws_iam_role.example",
            "module.role.aws_iam_role_policy_attachment.example-AmazonEC2ContainerRegistryReadOnly",
            "module.role.aws_iam_role_policy_attachment.example-AmazonEKSClusterPolicy",
            "module.role.aws_iam_role_policy_attachment.example-AmazonEKSWorkerNodePolicy",
            "module.role.aws_iam_role_policy_attachment.example-AmazonEKS_CNI_Policy",
            "module.vpc.aws_internet_gateway.igw",
            "module.vpc.aws_route_table.r",
            "module.vpc.aws_route_table_association.a",
            "module.vpc.aws_route_table_association.b",
            "module.vpc.aws_route_table_association.c",
            "module.vpc.aws_subnet.sub1",
            "module.vpc.aws_subnet.sub2",
            "module.vpc.aws_subnet.sub3",
            "module.vpc.aws_vpc.eks-vpc"
          ]
        }
      ]
    },
    {
      "module": "module.eks_cluster",
      "mode": "managed",
      "type": "aws_eks_cluster",
      "name": "demo",
      "provider": "provider[\"registry.terraform.io/hashicorp/aws\"]",
      "instances": [
        {
          "schema_version": 0,
          "attributes": {
            "arn": "arn:aws:eks:ap-south-1:081387464148:cluster/eks-cluster",
            "certificate_authority": [
              {
                "data": "LS0tLS1CRUdJTiBDRVJUSUZJQ0FURS0tLS0tCk1JSUN5RENDQWJDZ0F3SUJBZ0lCQURBTkJna3Foa2lHOXcwQkFRc0ZBREFWTVJNd0VRWURWUVFERXdwcmRXSmwKY201bGRHVnpNQjRYRFRJd01UQXlOVEV4TWprd01Gb1hEVE13TVRBeU16RXhNamt3TUZvd0ZURVRNQkVHQTFVRQpBeE1LYTNWaVpYSnVaWFJsY3pDQ0FTSXdEUVlKS29aSWh2Y05BUUVCQlFBRGdnRVBBRENDQVFvQ2dnRUJBTGFmCnd6dnpaa0hFQ3BzN0gySmVCM3pRK1V3OXFHaWhRckZqMFdPSThTd3hQYnQxcmx5RFJZMEVnMEE5bEFpSDBZek8KRm1lZXI1M0IzOGk5emJNZVN0NmF5T1ZjbzVvRzNJYnBzSHN6N3F3RUdoQTZGVGQyUVV5cXRvUUNkR2ZlY0I5RQpFSFh0bXBWcXJrZEd1SVh2RlA2RW9KK1l6ZmFkWkxrMXhmWkVveEd6YmJ5Z1A0UGduL0w0MmFXakkxWncxaHRvCkY0M0puRjNzUmdwK0llQjNtV0o2bldtSThQR09weEZVSlF5NnJPc2IvZGZRalBMK2RSTUh4THFuUGdsSThZWU0KcjNYdk5kMGhCa3ZmTjNwVnZqbS9QeXNxSXp1REo1SkJLWGxRZDNLY1ZENWxFVEcyeGFBeTJjSXB2WXd6aERVVgptUmM5ZGYyWEZKVTZubTQ4aEVNQ0F3RUFBYU1qTUNFd0RnWURWUjBQQVFIL0JBUURBZ0trTUE4R0ExVWRFd0VCCi93UUZNQU1CQWY4d0RRWUpLb1pJaHZjTkFRRUxCUUFEZ2dFQkFKbFFPa1o3MmN0RTFqYllaZlEwK0xybE5tZFoKQUcwWVVHNGM3cWorV2RScVhDSm0ySmNJcXpZM3JacE95ZVFlZmFEMDJEWVZGcE9ZZWRLTE03VWtiWFR4SG04cgpLNkxSL1NyOGhZWVJzTCtObFBYUDZRNWJpSFZXUWorbzBYTVFGNVBtWEVsaFhzOXZHSk0rRVFNWWhGZ2VuNHZkClBBcmc1emVUbVlRZXI5YzNjTE4rYkRnenhvZGlZNndwTXFGMW42S0FVMVh6ZGhlend1Y2wrTnFNUXZUeC9aK1kKaldmdnJnbVB5aElVWUlOSHVSSDdPZHJZRUYvUjlZYnVRcHp1OFhDczFHWUV1b0RGOWJtM1EwWlpVdXM1QmVnTQpONjl6T21IME9lV1lOakhpbU5yakxjL1BvNkNCbGYxa3JPRGpWY3dEVDYrdWlUVkptR0I5ZGVlb0RUVT0KLS0tLS1FTkQgQ0VSVElGSUNBVEUtLS0tLQo="
              }
            ],
            "created_at": "2020-10-25 11:22:18.66 +0000 UTC",
            "enabled_cluster_log_types": [],
            "encryption_config": [],
            "endpoint": "https://40E1DAA4843E156CA271F53FDCECE9FA.yl4.ap-south-1.eks.amazonaws.com",
            "id": "eks-cluster",
            "identity": [
              {
                "oidc": [
                  {
                    "issuer": "https://oidc.eks.ap-south-1.amazonaws.com/id/40E1DAA4843E156CA271F53FDCECE9FA"
                  }
                ]
              }
            ],
            "name": "eks-cluster",
            "platform_version": "eks.3",
            "role_arn": "arn:aws:iam::081387464148:role/eks-cluster-example",
            "status": "ACTIVE",
            "tags": {},
            "timeouts": null,
            "version": "1.17",
            "vpc_config": [
              {
                "cluster_security_group_id": "sg-0b93327fb45dbdc0a",
                "endpoint_private_access": false,
                "endpoint_public_access": true,
                "public_access_cidrs": [
                  "0.0.0.0/0"
                ],
                "security_group_ids": [],
                "subnet_ids": [
                  "subnet-0695e6ff1e1c96c2c",
                  "subnet-079aaf2b2a37c3dc8",
                  "subnet-0c067ae3b414a8138"
                ],
                "vpc_id": "vpc-002ef329bba689493"
              }
            ]
          },
          "private": "eyJlMmJmYjczMC1lY2FhLTExZTYtOGY4OC0zNDM2M2JjN2M0YzAiOnsiY3JlYXRlIjoxODAwMDAwMDAwMDAwLCJkZWxldGUiOjkwMDAwMDAwMDAwMCwidXBkYXRlIjozNjAwMDAwMDAwMDAwfX0=",
          "dependencies": [
            "module.role.aws_iam_role.eks-cluster",
            "module.role.aws_iam_role.example",
            "module.role.aws_iam_role_policy_attachment.example-AmazonEC2ContainerRegistryReadOnly",
            "module.role.aws_iam_role_policy_attachment.example-AmazonEKSClusterPolicy",
            "module.role.aws_iam_role_policy_attachment.example-AmazonEKSWorkerNodePolicy",
            "module.role.aws_iam_role_policy_attachment.example-AmazonEKS_CNI_Policy",
            "module.vpc.aws_internet_gateway.igw",
            "module.vpc.aws_route_table.r",
            "module.vpc.aws_route_table_association.a",
            "module.vpc.aws_route_table_association.b",
            "module.vpc.aws_route_table_association.c",
            "module.vpc.aws_subnet.sub1",
            "module.vpc.aws_subnet.sub2",
            "module.vpc.aws_subnet.sub3",
            "module.vpc.aws_vpc.eks-vpc"
          ]
        }
      ]
    },
    {
      "module": "module.eks_cluster",
      "mode": "managed",
      "type": "aws_eks_node_group",
      "name": "example",
      "provider": "provider[\"registry.terraform.io/hashicorp/aws\"]",
      "instances": [
        {
          "schema_version": 0,
          "attributes": {
            "ami_type": "AL2_x86_64",
            "arn": "arn:aws:eks:ap-south-1:081387464148:nodegroup/eks-cluster/demo/20baafc3-cd56-82c0-d1d8-ffdf8b7ca52c",
            "cluster_name": "eks-cluster",
            "disk_size": 20,
            "force_update_version": null,
            "id": "eks-cluster:demo",
            "instance_types": [
              "t3.medium"
            ],
            "labels": {},
            "launch_template": [],
            "node_group_name": "demo",
            "node_role_arn": "arn:aws:iam::081387464148:role/eks-node-group-example",
            "release_version": "1.17.11-20201007",
            "remote_access": [
              {
                "ec2_ssh_key": "mykey",
                "source_security_group_ids": []
              }
            ],
            "resources": [
              {
                "autoscaling_groups": [
                  {
                    "name": "eks-20baafc3-cd56-82c0-d1d8-ffdf8b7ca52c"
                  }
                ],
                "remote_access_security_group_id": "sg-07c018f1cf4a91e8c"
              }
            ],
            "scaling_config": [
              {
                "desired_size": 3,
                "max_size": 3,
                "min_size": 3
              }
            ],
            "status": "ACTIVE",
            "subnet_ids": [
              "subnet-0695e6ff1e1c96c2c",
              "subnet-079aaf2b2a37c3dc8",
              "subnet-0c067ae3b414a8138"
            ],
            "tags": {},
            "timeouts": null,
            "version": "1.17"
          },
          "private": "eyJlMmJmYjczMC1lY2FhLTExZTYtOGY4OC0zNDM2M2JjN2M0YzAiOnsiY3JlYXRlIjozNjAwMDAwMDAwMDAwLCJkZWxldGUiOjM2MDAwMDAwMDAwMDAsInVwZGF0ZSI6MzYwMDAwMDAwMDAwMH19",
          "dependencies": [
            "module.eks_cluster.aws_eks_cluster.demo",
            "module.role.aws_iam_role.eks-cluster",
            "module.role.aws_iam_role.example",
            "module.role.aws_iam_role_policy_attachment.example-AmazonEC2ContainerRegistryReadOnly",
            "module.role.aws_iam_role_policy_attachment.example-AmazonEKSClusterPolicy",
            "module.role.aws_iam_role_policy_attachment.example-AmazonEKSWorkerNodePolicy",
            "module.role.aws_iam_role_policy_attachment.example-AmazonEKS_CNI_Policy",
            "module.vpc.aws_internet_gateway.igw",
            "module.vpc.aws_route_table.r",
            "module.vpc.aws_route_table_association.a",
            "module.vpc.aws_route_table_association.b",
            "module.vpc.aws_route_table_association.c",
            "module.vpc.aws_subnet.sub1",
            "module.vpc.aws_subnet.sub2",
            "module.vpc.aws_subnet.sub3",
            "module.vpc.aws_vpc.eks-vpc"
          ]
        }
      ]
    },
    {
      "module": "module.kubernetes",
      "mode": "managed",
      "type": "kubernetes_deployment",
      "name": "wordpress",
      "provider": "provider[\"registry.terraform.io/hashicorp/kubernetes\"]",
      "instances": [
        {
          "schema_version": 0,
          "attributes": {
            "id": "default/wordpress",
            "metadata": [
              {
                "annotations": {},
                "generate_name": "",
                "generation": 1,
                "labels": {
                  "image": "wordpress"
                },
                "name": "wordpress",
                "namespace": "default",
                "resource_version": "2452",
                "self_link": "/apis/apps/v1/namespaces/default/deployments/wordpress",
                "uid": "fc0f2142-052d-4e1c-ba8b-4a1e9a023fe9"
              }
            ],
            "spec": [
              {
                "min_ready_seconds": 0,
                "paused": false,
                "progress_deadline_seconds": 600,
                "replicas": 3,
                "revision_history_limit": 10,
                "selector": [
                  {
                    "match_expressions": [],
                    "match_labels": {
                      "image": "wordpress"
                    }
                  }
                ],
                "strategy": [
                  {
                    "rolling_update": [
                      {
                        "max_surge": "25%",
                        "max_unavailable": "25%"
                      }
                    ],
                    "type": "RollingUpdate"
                  }
                ],
                "template": [
                  {
                    "metadata": [
                      {
                        "annotations": {},
                        "generate_name": "",
                        "generation": 0,
                        "labels": {
                          "image": "wordpress"
                        },
                        "name": "",
                        "namespace": "",
                        "resource_version": "",
                        "self_link": "",
                        "uid": ""
                      }
                    ],
                    "spec": [
                      {
                        "active_deadline_seconds": 0,
                        "affinity": [],
                        "automount_service_account_token": false,
                        "container": [
                          {
                            "args": [],
                            "command": [],
                            "env": [
                              {
                                "name": "WORDPRESS_DB_HOST",
                                "value": "terraform-20201025113428243100000006.cy0snzu0cddh.ap-south-1.rds.amazonaws.com:3306",
                                "value_from": []
                              },
                              {
                                "name": "WORDPRESS_DB_PASSWORD",
                                "value": "Akshit0508",
                                "value_from": []
                              },
                              {
                                "name": "WORDPRESS_DB_USER",
                                "value": "wordpress",
                                "value_from": []
                              },
                              {
                                "name": "WORDPRESS_DB_NAME",
                                "value": "wordpress",
                                "value_from": []
                              }
                            ],
                            "env_from": [],
                            "image": "wordpress",
                            "image_pull_policy": "Always",
                            "lifecycle": [],
                            "liveness_probe": [],
                            "name": "wordpress",
                            "port": [],
                            "readiness_probe": [],
                            "resources": [
                              {
                                "limits": [],
                                "requests": []
                              }
                            ],
                            "security_context": [],
                            "startup_probe": [],
                            "stdin": false,
                            "stdin_once": false,
                            "termination_message_path": "/dev/termination-log",
                            "termination_message_policy": "File",
                            "tty": false,
                            "volume_mount": [],
                            "working_dir": ""
                          }
                        ],
                        "dns_config": [],
                        "dns_policy": "ClusterFirst",
                        "host_aliases": [],
                        "host_ipc": false,
                        "host_network": false,
                        "host_pid": false,
                        "hostname": "",
                        "image_pull_secrets": [],
                        "init_container": [],
                        "node_name": "",
                        "node_selector": {},
                        "priority_class_name": "",
                        "restart_policy": "Always",
                        "security_context": [],
                        "service_account_name": "",
                        "share_process_namespace": false,
                        "subdomain": "",
                        "termination_grace_period_seconds": 30,
                        "toleration": [],
                        "volume": []
                      }
                    ]
                  }
                ]
              }
            ],
            "timeouts": null,
            "wait_for_rollout": true
          },
          "private": "eyJlMmJmYjczMC1lY2FhLTExZTYtOGY4OC0zNDM2M2JjN2M0YzAiOnsiY3JlYXRlIjo2MDAwMDAwMDAwMDAsImRlbGV0ZSI6NjAwMDAwMDAwMDAwLCJ1cGRhdGUiOjYwMDAwMDAwMDAwMH19",
          "dependencies": [
            "module.eks_cluster.aws_eks_cluster.demo",
            "module.eks_cluster.aws_eks_node_group.example",
            "module.rds.aws_db_instance.default",
            "module.rds.aws_db_subnet_group.default",
            "module.role.aws_iam_role.eks-cluster",
            "module.role.aws_iam_role.example",
            "module.role.aws_iam_role_policy_attachment.example-AmazonEC2ContainerRegistryReadOnly",
            "module.role.aws_iam_role_policy_attachment.example-AmazonEKSClusterPolicy",
            "module.role.aws_iam_role_policy_attachment.example-AmazonEKSWorkerNodePolicy",
            "module.role.aws_iam_role_policy_attachment.example-AmazonEKS_CNI_Policy",
            "module.vpc.aws_internet_gateway.igw",
            "module.vpc.aws_route_table.r",
            "module.vpc.aws_route_table_association.a",
            "module.vpc.aws_route_table_association.b",
            "module.vpc.aws_route_table_association.c",
            "module.vpc.aws_subnet.sub1",
            "module.vpc.aws_subnet.sub2",
            "module.vpc.aws_subnet.sub3",
            "module.vpc.aws_vpc.eks-vpc"
          ]
        }
      ]
    },
    {
      "module": "module.kubernetes",
      "mode": "managed",
      "type": "kubernetes_service",
      "name": "lb",
      "provider": "provider[\"registry.terraform.io/hashicorp/kubernetes\"]",
      "instances": [
        {
          "schema_version": 0,
          "attributes": {
            "id": "default/terraform-example",
            "load_balancer_ingress": [
              {
                "hostname": "abc1a41912f074bc1bc6bfebdcf68f0e-582105271.ap-south-1.elb.amazonaws.com",
                "ip": ""
              }
            ],
            "metadata": [
              {
                "annotations": {},
                "generate_name": "",
                "generation": 0,
                "labels": {},
                "name": "terraform-example",
                "namespace": "default",
                "resource_version": "2500",
                "self_link": "/api/v1/namespaces/default/services/terraform-example",
                "uid": "bc1a4191-2f07-4bc1-bc6b-febdcf68f0e0"
              }
            ],
            "spec": [
              {
                "cluster_ip": "10.100.113.209",
                "external_ips": [],
                "external_name": "",
                "external_traffic_policy": "Cluster",
                "health_check_node_port": 0,
                "load_balancer_ip": "",
                "load_balancer_source_ranges": [],
                "port": [
                  {
                    "name": "",
                    "node_port": 31023,
                    "port": 80,
                    "protocol": "TCP",
                    "target_port": "80"
                  }
                ],
                "publish_not_ready_addresses": false,
                "selector": {
                  "image": "wordpress"
                },
                "session_affinity": "None",
                "type": "LoadBalancer"
              }
            ],
            "timeouts": null
          },
          "private": "eyJlMmJmYjczMC1lY2FhLTExZTYtOGY4OC0zNDM2M2JjN2M0YzAiOnsiY3JlYXRlIjo2MDAwMDAwMDAwMDB9fQ==",
          "dependencies": [
            "module.eks_cluster.aws_eks_cluster.demo",
            "module.eks_cluster.aws_eks_node_group.example",
            "module.kubernetes.kubernetes_deployment.wordpress",
            "module.rds.aws_db_instance.default",
            "module.rds.aws_db_subnet_group.default",
            "module.role.aws_iam_role.eks-cluster",
            "module.role.aws_iam_role.example",
            "module.role.aws_iam_role_policy_attachment.example-AmazonEC2ContainerRegistryReadOnly",
            "module.role.aws_iam_role_policy_attachment.example-AmazonEKSClusterPolicy",
            "module.role.aws_iam_role_policy_attachment.example-AmazonEKSWorkerNodePolicy",
            "module.role.aws_iam_role_policy_attachment.example-AmazonEKS_CNI_Policy",
            "module.vpc.aws_internet_gateway.igw",
            "module.vpc.aws_route_table.r",
            "module.vpc.aws_route_table_association.a",
            "module.vpc.aws_route_table_association.b",
            "module.vpc.aws_route_table_association.c",
            "module.vpc.aws_subnet.sub1",
            "module.vpc.aws_subnet.sub2",
            "module.vpc.aws_subnet.sub3",
            "module.vpc.aws_vpc.eks-vpc"
          ]
        }
      ]
    },
    {
      "module": "module.rds",
      "mode": "managed",
      "type": "aws_db_instance",
      "name": "default",
      "provider": "provider[\"registry.terraform.io/hashicorp/aws\"]",
      "instances": [
        {
          "schema_version": 1,
          "attributes": {
            "address": "terraform-20201025113428243100000006.cy0snzu0cddh.ap-south-1.rds.amazonaws.com",
            "allocated_storage": 20,
            "allow_major_version_upgrade": null,
            "apply_immediately": null,
            "arn": "arn:aws:rds:ap-south-1:081387464148:db:terraform-20201025113428243100000006",
            "auto_minor_version_upgrade": true,
            "availability_zone": "ap-south-1b",
            "backup_retention_period": 0,
            "backup_window": "21:01-21:31",
            "ca_cert_identifier": "rds-ca-2019",
            "character_set_name": null,
            "copy_tags_to_snapshot": false,
            "db_subnet_group_name": "eks-db",
            "delete_automated_backups": true,
            "deletion_protection": false,
            "domain": "",
            "domain_iam_role_name": "",
            "enabled_cloudwatch_logs_exports": [],
            "endpoint": "terraform-20201025113428243100000006.cy0snzu0cddh.ap-south-1.rds.amazonaws.com:3306",
            "engine": "mysql",
            "engine_version": "5.7.26",
            "final_snapshot_identifier": null,
            "hosted_zone_id": "Z2VFMSZA74J7XZ",
            "iam_database_authentication_enabled": false,
            "id": "terraform-20201025113428243100000006",
            "identifier": "terraform-20201025113428243100000006",
            "identifier_prefix": null,
            "instance_class": "db.t2.micro",
            "iops": 0,
            "kms_key_id": "",
            "license_model": "general-public-license",
            "maintenance_window": "tue:08:20-tue:08:50",
            "max_allocated_storage": 0,
            "monitoring_interval": 0,
            "monitoring_role_arn": "",
            "multi_az": false,
            "name": "wordpress",
            "option_group_name": "default:mysql-5-7",
            "parameter_group_name": "default.mysql5.7",
            "password": "Akshit0508",
            "performance_insights_enabled": false,
            "performance_insights_kms_key_id": "",
            "performance_insights_retention_period": 0,
            "port": 3306,
            "publicly_accessible": false,
            "replicas": [],
            "replicate_source_db": "",
            "resource_id": "db-6C6NWKQPA734QTBGQ3R2YY6PFY",
            "s3_import": [],
            "security_group_names": [],
            "skip_final_snapshot": true,
            "snapshot_identifier": null,
            "status": "available",
            "storage_encrypted": false,
            "storage_type": "gp2",
            "tags": {},
            "timeouts": null,
            "timezone": "",
            "username": "wordpress",
            "vpc_security_group_ids": [
              "sg-0b93327fb45dbdc0a"
            ]
          },
          "private": "eyJlMmJmYjczMC1lY2FhLTExZTYtOGY4OC0zNDM2M2JjN2M0YzAiOnsiY3JlYXRlIjoyNDAwMDAwMDAwMDAwLCJkZWxldGUiOjI0MDAwMDAwMDAwMDAsInVwZGF0ZSI6NDgwMDAwMDAwMDAwMH0sInNjaGVtYV92ZXJzaW9uIjoiMSJ9",
          "dependencies": [
            "module.eks_cluster.aws_eks_cluster.demo",
            "module.eks_cluster.aws_eks_node_group.example",
            "module.rds.aws_db_subnet_group.default",
            "module.role.aws_iam_role.eks-cluster",
            "module.role.aws_iam_role.example",
            "module.role.aws_iam_role_policy_attachment.example-AmazonEC2ContainerRegistryReadOnly",
            "module.role.aws_iam_role_policy_attachment.example-AmazonEKSClusterPolicy",
            "module.role.aws_iam_role_policy_attachment.example-AmazonEKSWorkerNodePolicy",
            "module.role.aws_iam_role_policy_attachment.example-AmazonEKS_CNI_Policy",
            "module.vpc.aws_internet_gateway.igw",
            "module.vpc.aws_route_table.r",
            "module.vpc.aws_route_table_association.a",
            "module.vpc.aws_route_table_association.b",
            "module.vpc.aws_route_table_association.c",
            "module.vpc.aws_subnet.sub1",
            "module.vpc.aws_subnet.sub2",
            "module.vpc.aws_subnet.sub3",
            "module.vpc.aws_vpc.eks-vpc"
          ]
        }
      ]
    },
    {
      "module": "module.rds",
      "mode": "managed",
      "type": "aws_db_subnet_group",
      "name": "default",
      "provider": "provider[\"registry.terraform.io/hashicorp/aws\"]",
      "instances": [
        {
          "schema_version": 0,
          "attributes": {
            "arn": "arn:aws:rds:ap-south-1:081387464148:subgrp:eks-db",
            "description": "Managed by Terraform",
            "id": "eks-db",
            "name": "eks-db",
            "name_prefix": null,
            "subnet_ids": [
              "subnet-0695e6ff1e1c96c2c",
              "subnet-079aaf2b2a37c3dc8",
              "subnet-0c067ae3b414a8138"
            ],
            "tags": {
              "Name": "eks db subnet group"
            }
          },
          "private": "bnVsbA==",
          "dependencies": [
            "module.eks_cluster.aws_eks_cluster.demo",
            "module.eks_cluster.aws_eks_node_group.example",
            "module.role.aws_iam_role.eks-cluster",
            "module.role.aws_iam_role.example",
            "module.role.aws_iam_role_policy_attachment.example-AmazonEC2ContainerRegistryReadOnly",
            "module.role.aws_iam_role_policy_attachment.example-AmazonEKSClusterPolicy",
            "module.role.aws_iam_role_policy_attachment.example-AmazonEKSWorkerNodePolicy",
            "module.role.aws_iam_role_policy_attachment.example-AmazonEKS_CNI_Policy",
            "module.vpc.aws_internet_gateway.igw",
            "module.vpc.aws_route_table.r",
            "module.vpc.aws_route_table_association.a",
            "module.vpc.aws_route_table_association.b",
            "module.vpc.aws_route_table_association.c",
            "module.vpc.aws_subnet.sub1",
            "module.vpc.aws_subnet.sub2",
            "module.vpc.aws_subnet.sub3",
            "module.vpc.aws_vpc.eks-vpc"
          ]
        }
      ]
    },
    {
      "module": "module.role",
      "mode": "managed",
      "type": "aws_iam_role",
      "name": "eks-cluster",
      "provider": "provider[\"registry.terraform.io/hashicorp/aws\"]",
      "instances": [
        {
          "schema_version": 0,
          "attributes": {
            "arn": "arn:aws:iam::081387464148:role/eks-cluster-example",
            "assume_role_policy": "{\"Version\":\"2012-10-17\",\"Statement\":[{\"Effect\":\"Allow\",\"Principal\":{\"Service\":\"eks.amazonaws.com\"},\"Action\":\"sts:AssumeRole\"}]}",
            "create_date": "2020-10-25T11:22:09Z",
            "description": "",
            "force_detach_policies": false,
            "id": "eks-cluster-example",
            "max_session_duration": 3600,
            "name": "eks-cluster-example",
            "name_prefix": null,
            "path": "/",
            "permissions_boundary": null,
            "tags": {},
            "unique_id": "AROARF4YSEXKJZHYDLMJX"
          },
          "private": "bnVsbA=="
        }
      ]
    },
    {
      "module": "module.role",
      "mode": "managed",
      "type": "aws_iam_role",
      "name": "example",
      "provider": "provider[\"registry.terraform.io/hashicorp/aws\"]",
      "instances": [
        {
          "schema_version": 0,
          "attributes": {
            "arn": "arn:aws:iam::081387464148:role/eks-node-group-example",
            "assume_role_policy": "{\"Version\":\"2012-10-17\",\"Statement\":[{\"Effect\":\"Allow\",\"Principal\":{\"Service\":\"ec2.amazonaws.com\"},\"Action\":\"sts:AssumeRole\"}]}",
            "create_date": "2020-10-25T11:22:08Z",
            "description": "",
            "force_detach_policies": false,
            "id": "eks-node-group-example",
            "max_session_duration": 3600,
            "name": "eks-node-group-example",
            "name_prefix": null,
            "path": "/",
            "permissions_boundary": null,
            "tags": {},
            "unique_id": "AROARF4YSEXKI7THZPKOC"
          },
          "private": "bnVsbA=="
        }
      ]
    },
    {
      "module": "module.role",
      "mode": "managed",
      "type": "aws_iam_role_policy_attachment",
      "name": "example-AmazonEC2ContainerRegistryReadOnly",
      "provider": "provider[\"registry.terraform.io/hashicorp/aws\"]",
      "instances": [
        {
          "schema_version": 0,
          "attributes": {
            "id": "eks-node-group-example-20201025112214869900000002",
            "policy_arn": "arn:aws:iam::aws:policy/AmazonEC2ContainerRegistryReadOnly",
            "role": "eks-node-group-example"
          },
          "private": "bnVsbA==",
          "dependencies": [
            "module.role.aws_iam_role.example"
          ]
        }
      ]
    },
    {
      "module": "module.role",
      "mode": "managed",
      "type": "aws_iam_role_policy_attachment",
      "name": "example-AmazonEKSClusterPolicy",
      "provider": "provider[\"registry.terraform.io/hashicorp/aws\"]",
      "instances": [
        {
          "schema_version": 0,
          "attributes": {
            "id": "eks-cluster-example-20201025112215673200000004",
            "policy_arn": "arn:aws:iam::aws:policy/AmazonEKSClusterPolicy",
            "role": "eks-cluster-example"
          },
          "private": "bnVsbA==",
          "dependencies": [
            "module.role.aws_iam_role.eks-cluster"
          ]
        }
      ]
    },
    {
      "module": "module.role",
      "mode": "managed",
      "type": "aws_iam_role_policy_attachment",
      "name": "example-AmazonEKSWorkerNodePolicy",
      "provider": "provider[\"registry.terraform.io/hashicorp/aws\"]",
      "instances": [
        {
          "schema_version": 0,
          "attributes": {
            "id": "eks-node-group-example-20201025112215243700000003",
            "policy_arn": "arn:aws:iam::aws:policy/AmazonEKSWorkerNodePolicy",
            "role": "eks-node-group-example"
          },
          "private": "bnVsbA==",
          "dependencies": [
            "module.role.aws_iam_role.example"
          ]
        }
      ]
    },
    {
      "module": "module.role",
      "mode": "managed",
      "type": "aws_iam_role_policy_attachment",
      "name": "example-AmazonEKS_CNI_Policy",
      "provider": "provider[\"registry.terraform.io/hashicorp/aws\"]",
      "instances": [
        {
          "schema_version": 0,
          "attributes": {
            "id": "eks-node-group-example-20201025112214866700000001",
            "policy_arn": "arn:aws:iam::aws:policy/AmazonEKS_CNI_Policy",
            "role": "eks-node-group-example"
          },
          "private": "bnVsbA==",
          "dependencies": [
            "module.role.aws_iam_role.example"
          ]
        }
      ]
    },
    {
      "module": "module.vpc",
      "mode": "managed",
      "type": "aws_internet_gateway",
      "name": "igw",
      "provider": "provider[\"registry.terraform.io/hashicorp/aws\"]",
      "instances": [
        {
          "schema_version": 0,
          "attributes": {
            "arn": "arn:aws:ec2:ap-south-1:081387464148:internet-gateway/igw-099c6c2f575d962f8",
            "id": "igw-099c6c2f575d962f8",
            "owner_id": "081387464148",
            "tags": {
              "Name": "demo"
            },
            "vpc_id": "vpc-002ef329bba689493"
          },
          "private": "bnVsbA==",
          "dependencies": [
            "module.vpc.aws_vpc.eks-vpc"
          ]
        }
      ]
    },
    {
      "module": "module.vpc",
      "mode": "managed",
      "type": "aws_route_table",
      "name": "r",
      "provider": "provider[\"registry.terraform.io/hashicorp/aws\"]",
      "instances": [
        {
          "schema_version": 0,
          "attributes": {
            "id": "rtb-05656c746fd01c5bf",
            "owner_id": "081387464148",
            "propagating_vgws": [],
            "route": [
              {
                "cidr_block": "0.0.0.0/0",
                "egress_only_gateway_id": "",
                "gateway_id": "igw-099c6c2f575d962f8",
                "instance_id": "",
                "ipv6_cidr_block": "",
                "local_gateway_id": "",
                "nat_gateway_id": "",
                "network_interface_id": "",
                "transit_gateway_id": "",
                "vpc_peering_connection_id": ""
              }
            ],
            "tags": {},
            "vpc_id": "vpc-002ef329bba689493"
          },
          "private": "bnVsbA==",
          "dependencies": [
            "module.vpc.aws_internet_gateway.igw",
            "module.vpc.aws_vpc.eks-vpc"
          ]
        }
      ]
    },
    {
      "module": "module.vpc",
      "mode": "managed",
      "type": "aws_route_table_association",
      "name": "a",
      "provider": "provider[\"registry.terraform.io/hashicorp/aws\"]",
      "instances": [
        {
          "schema_version": 0,
          "attributes": {
            "gateway_id": null,
            "id": "rtbassoc-03560860b5d291db5",
            "route_table_id": "rtb-05656c746fd01c5bf",
            "subnet_id": "subnet-0c067ae3b414a8138"
          },
          "private": "bnVsbA==",
          "dependencies": [
            "module.vpc.aws_internet_gateway.igw",
            "module.vpc.aws_route_table.r",
            "module.vpc.aws_subnet.sub1",
            "module.vpc.aws_vpc.eks-vpc"
          ]
        }
      ]
    },
    {
      "module": "module.vpc",
      "mode": "managed",
      "type": "aws_route_table_association",
      "name": "b",
      "provider": "provider[\"registry.terraform.io/hashicorp/aws\"]",
      "instances": [
        {
          "schema_version": 0,
          "attributes": {
            "gateway_id": null,
            "id": "rtbassoc-02e270f0e7d3255f9",
            "route_table_id": "rtb-05656c746fd01c5bf",
            "subnet_id": "subnet-0695e6ff1e1c96c2c"
          },
          "private": "bnVsbA==",
          "dependencies": [
            "module.vpc.aws_internet_gateway.igw",
            "module.vpc.aws_route_table.r",
            "module.vpc.aws_subnet.sub2",
            "module.vpc.aws_vpc.eks-vpc"
          ]
        }
      ]
    },
    {
      "module": "module.vpc",
      "mode": "managed",
      "type": "aws_route_table_association",
      "name": "c",
      "provider": "provider[\"registry.terraform.io/hashicorp/aws\"]",
      "instances": [
        {
          "schema_version": 0,
          "attributes": {
            "gateway_id": null,
            "id": "rtbassoc-049770ab1ca02149a",
            "route_table_id": "rtb-05656c746fd01c5bf",
            "subnet_id": "subnet-079aaf2b2a37c3dc8"
          },
          "private": "bnVsbA==",
          "dependencies": [
            "module.vpc.aws_internet_gateway.igw",
            "module.vpc.aws_route_table.r",
            "module.vpc.aws_subnet.sub3",
            "module.vpc.aws_vpc.eks-vpc"
          ]
        }
      ]
    },
    {
      "module": "module.vpc",
      "mode": "managed",
      "type": "aws_subnet",
      "name": "sub1",
      "provider": "provider[\"registry.terraform.io/hashicorp/aws\"]",
      "instances": [
        {
          "schema_version": 1,
          "attributes": {
            "arn": "arn:aws:ec2:ap-south-1:081387464148:subnet/subnet-0c067ae3b414a8138",
            "assign_ipv6_address_on_creation": false,
            "availability_zone": "ap-south-1a",
            "availability_zone_id": "aps1-az1",
            "cidr_block": "192.168.0.0/24",
            "id": "subnet-0c067ae3b414a8138",
            "ipv6_cidr_block": "",
            "ipv6_cidr_block_association_id": "",
            "map_public_ip_on_launch": true,
            "outpost_arn": "",
            "owner_id": "081387464148",
            "tags": {
              "kubernetes.io/cluster/eks-cluster": "shared"
            },
            "timeouts": null,
            "vpc_id": "vpc-002ef329bba689493"
          },
          "private": "eyJlMmJmYjczMC1lY2FhLTExZTYtOGY4OC0zNDM2M2JjN2M0YzAiOnsiY3JlYXRlIjo2MDAwMDAwMDAwMDAsImRlbGV0ZSI6MTIwMDAwMDAwMDAwMH0sInNjaGVtYV92ZXJzaW9uIjoiMSJ9",
          "dependencies": [
            "module.vpc.aws_vpc.eks-vpc"
          ]
        }
      ]
    },
    {
      "module": "module.vpc",
      "mode": "managed",
      "type": "aws_subnet",
      "name": "sub2",
      "provider": "provider[\"registry.terraform.io/hashicorp/aws\"]",
      "instances": [
        {
          "schema_version": 1,
          "attributes": {
            "arn": "arn:aws:ec2:ap-south-1:081387464148:subnet/subnet-0695e6ff1e1c96c2c",
            "assign_ipv6_address_on_creation": false,
            "availability_zone": "ap-south-1b",
            "availability_zone_id": "aps1-az3",
            "cidr_block": "192.168.1.0/24",
            "id": "subnet-0695e6ff1e1c96c2c",
            "ipv6_cidr_block": "",
            "ipv6_cidr_block_association_id": "",
            "map_public_ip_on_launch": true,
            "outpost_arn": "",
            "owner_id": "081387464148",
            "tags": {
              "kubernetes.io/cluster/eks-cluster": "shared"
            },
            "timeouts": null,
            "vpc_id": "vpc-002ef329bba689493"
          },
          "private": "eyJlMmJmYjczMC1lY2FhLTExZTYtOGY4OC0zNDM2M2JjN2M0YzAiOnsiY3JlYXRlIjo2MDAwMDAwMDAwMDAsImRlbGV0ZSI6MTIwMDAwMDAwMDAwMH0sInNjaGVtYV92ZXJzaW9uIjoiMSJ9",
          "dependencies": [
            "module.vpc.aws_vpc.eks-vpc"
          ]
        }
      ]
    },
    {
      "module": "module.vpc",
      "mode": "managed",
      "type": "aws_subnet",
      "name": "sub3",
      "provider": "provider[\"registry.terraform.io/hashicorp/aws\"]",
      "instances": [
        {
          "schema_version": 1,
          "attributes": {
            "arn": "arn:aws:ec2:ap-south-1:081387464148:subnet/subnet-079aaf2b2a37c3dc8",
            "assign_ipv6_address_on_creation": false,
            "availability_zone": "ap-south-1b",
            "availability_zone_id": "aps1-az3",
            "cidr_block": "192.168.2.0/24",
            "id": "subnet-079aaf2b2a37c3dc8",
            "ipv6_cidr_block": "",
            "ipv6_cidr_block_association_id": "",
            "map_public_ip_on_launch": true,
            "outpost_arn": "",
            "owner_id": "081387464148",
            "tags": {
              "kubernetes.io/cluster/eks-cluster": "shared"
            },
            "timeouts": null,
            "vpc_id": "vpc-002ef329bba689493"
          },
          "private": "eyJlMmJmYjczMC1lY2FhLTExZTYtOGY4OC0zNDM2M2JjN2M0YzAiOnsiY3JlYXRlIjo2MDAwMDAwMDAwMDAsImRlbGV0ZSI6MTIwMDAwMDAwMDAwMH0sInNjaGVtYV92ZXJzaW9uIjoiMSJ9",
          "dependencies": [
            "module.vpc.aws_vpc.eks-vpc"
          ]
        }
      ]
    },
    {
      "module": "module.vpc",
      "mode": "managed",
      "type": "aws_vpc",
      "name": "eks-vpc",
      "provider": "provider[\"registry.terraform.io/hashicorp/aws\"]",
      "instances": [
        {
          "schema_version": 1,
          "attributes": {
            "arn": "arn:aws:ec2:ap-south-1:081387464148:vpc/vpc-002ef329bba689493",
            "assign_generated_ipv6_cidr_block": false,
            "cidr_block": "192.168.0.0/16",
            "default_network_acl_id": "acl-073dabb3dc6838cac",
            "default_route_table_id": "rtb-0060c8ef435693ce2",
            "default_security_group_id": "sg-02258adb332f236ff",
            "dhcp_options_id": "dopt-e95ea582",
            "enable_classiclink": null,
            "enable_classiclink_dns_support": null,
            "enable_dns_hostnames": false,
            "enable_dns_support": true,
            "id": "vpc-002ef329bba689493",
            "instance_tenancy": "default",
            "ipv6_association_id": "",
            "ipv6_cidr_block": "",
            "main_route_table_id": "rtb-0060c8ef435693ce2",
            "owner_id": "081387464148",
            "tags": {
              "Name": "var.vpc_name"
            }
          },
          "private": "eyJzY2hlbWFfdmVyc2lvbiI6IjEifQ=="
        }
      ]
    }
  ]
}
